{
    "_readme": [
        "This file locks the dependencies of your project to a known state",
        "Read more about it at https://getcomposer.org/doc/01-basic-usage.md#installing-dependencies",
        "This file is @generated automatically"
    ],
    "content-hash": "441e47145ffb7de6dc825adb7a587a4b",
    "packages": [
        {
            "name": "xrazerz/elframework",
            "version": "1.0",
            "dist": {
                "type": "path",
                "url": "elframework",
                "reference": "311214643b6076f3906bbeb2770827d6a64f51d1"
            },
            "type": "library",
            "autoload": {
                "psr-4": {
                    "Elframework\\": "framework/",
                    "Illluminates\\": "illluminates/"
                }
            },
            "license": [
                "MIT"
            ],
            "authors": [
                {
                    "name": "xrazerz"
                }
            ],
            "description": "mvc/elframework",
            "transport-options": {
                "relative": true
            }
        }
    ],
    "packages-dev": [],
    "aliases": [],
    "minimum-stability": "dev",
    "stability-flags": [],
    "prefer-stable": false,
    "prefer-lowest": false,
    "platform": {
        "php": ">=8.1"
    },
    "platform-dev": [],
    "plugin-api-version": "2.6.0"
}
